
Microsoft Visual Studio Solution File, Format Version 12.00
# Visual Studio Version 17
VisualStudioVersion = 17.4.33213.308
MinimumVisualStudioVersion = 10.0.40219.1
Project("{9A19103F-16F7-4668-BE54-9A1E7A4F7556}") = "Ark.Vinke.Facilities", "Ark.Vinke.Facilities\Ark.Vinke.Facilities.csproj", "{BC3CCFD1-BB87-45F3-8EF9-0E5A75F3E0FA}"
EndProject
Project("{9A19103F-16F7-4668-BE54-9A1E7A4F7556}") = "Ark.Vinke.Facilities.Core", "Ark.Vinke.Facilities.Core\Ark.Vinke.Facilities.Core.csproj", "{72506536-AC29-4CEF-A9F2-403F96C5258A}"
	ProjectSection(ProjectDependencies) = postProject
		{BC3CCFD1-BB87-45F3-8EF9-0E5A75F3E0FA} = {BC3CCFD1-BB87-45F3-8EF9-0E5A75F3E0FA}
	EndProjectSection
EndProject
Project("{9A19103F-16F7-4668-BE54-9A1E7A4F7556}") = "Ark.Vinke.Facilities.Core.Data", "Ark.Vinke.Facilities.Core.Data\Ark.Vinke.Facilities.Core.Data.csproj", "{1FD0F57E-1902-4B26-9A0E-5BFD57234E4E}"
	ProjectSection(ProjectDependencies) = postProject
		{72506536-AC29-4CEF-A9F2-403F96C5258A} = {72506536-AC29-4CEF-A9F2-403F96C5258A}
		{BC3CCFD1-BB87-45F3-8EF9-0E5A75F3E0FA} = {BC3CCFD1-BB87-45F3-8EF9-0E5A75F3E0FA}
	EndProjectSection
EndProject
Project("{9A19103F-16F7-4668-BE54-9A1E7A4F7556}") = "Ark.Vinke.Facilities.Core.Client", "Ark.Vinke.Facilities.Core.Client\Ark.Vinke.Facilities.Core.Client.csproj", "{AE1D30B4-505F-4303-9D3A-F1AE685B16FC}"
	ProjectSection(ProjectDependencies) = postProject
		{1CE70557-029E-48FA-B356-375C785379AB} = {1CE70557-029E-48FA-B356-375C785379AB}
		{1FD0F57E-1902-4B26-9A0E-5BFD57234E4E} = {1FD0F57E-1902-4B26-9A0E-5BFD57234E4E}
		{72506536-AC29-4CEF-A9F2-403F96C5258A} = {72506536-AC29-4CEF-A9F2-403F96C5258A}
		{A1082F31-6F68-42EB-8F76-2018330EAF70} = {A1082F31-6F68-42EB-8F76-2018330EAF70}
		{BC3CCFD1-BB87-45F3-8EF9-0E5A75F3E0FA} = {BC3CCFD1-BB87-45F3-8EF9-0E5A75F3E0FA}
	EndProjectSection
EndProject
Project("{9A19103F-16F7-4668-BE54-9A1E7A4F7556}") = "Ark.Vinke.Facilities.Core.IServer", "Ark.Vinke.Facilities.Core.IServer\Ark.Vinke.Facilities.Core.IServer.csproj", "{A1082F31-6F68-42EB-8F76-2018330EAF70}"
	ProjectSection(ProjectDependencies) = postProject
		{1FD0F57E-1902-4B26-9A0E-5BFD57234E4E} = {1FD0F57E-1902-4B26-9A0E-5BFD57234E4E}
		{72506536-AC29-4CEF-A9F2-403F96C5258A} = {72506536-AC29-4CEF-A9F2-403F96C5258A}
		{BC3CCFD1-BB87-45F3-8EF9-0E5A75F3E0FA} = {BC3CCFD1-BB87-45F3-8EF9-0E5A75F3E0FA}
	EndProjectSection
EndProject
Project("{9A19103F-16F7-4668-BE54-9A1E7A4F7556}") = "Ark.Vinke.Facilities.Core.Server", "Ark.Vinke.Facilities.Core.Server\Ark.Vinke.Facilities.Core.Server.csproj", "{E7130D8E-3847-4755-9F8D-7395C14BB800}"
	ProjectSection(ProjectDependencies) = postProject
		{1FD0F57E-1902-4B26-9A0E-5BFD57234E4E} = {1FD0F57E-1902-4B26-9A0E-5BFD57234E4E}
		{72506536-AC29-4CEF-A9F2-403F96C5258A} = {72506536-AC29-4CEF-A9F2-403F96C5258A}
		{A1082F31-6F68-42EB-8F76-2018330EAF70} = {A1082F31-6F68-42EB-8F76-2018330EAF70}
		{AD7BF3CD-E01B-4CBB-BF32-3C39665E68BC} = {AD7BF3CD-E01B-4CBB-BF32-3C39665E68BC}
		{BC3CCFD1-BB87-45F3-8EF9-0E5A75F3E0FA} = {BC3CCFD1-BB87-45F3-8EF9-0E5A75F3E0FA}
	EndProjectSection
EndProject
Project("{9A19103F-16F7-4668-BE54-9A1E7A4F7556}") = "Ark.Vinke.Facilities.Core.IPlugin", "Ark.Vinke.Facilities.Core.IPlugin\Ark.Vinke.Facilities.Core.IPlugin.csproj", "{DA3FAD0A-8F62-4DA7-AD4E-D1719AC0B2A3}"
	ProjectSection(ProjectDependencies) = postProject
		{1FD0F57E-1902-4B26-9A0E-5BFD57234E4E} = {1FD0F57E-1902-4B26-9A0E-5BFD57234E4E}
		{72506536-AC29-4CEF-A9F2-403F96C5258A} = {72506536-AC29-4CEF-A9F2-403F96C5258A}
		{BC3CCFD1-BB87-45F3-8EF9-0E5A75F3E0FA} = {BC3CCFD1-BB87-45F3-8EF9-0E5A75F3E0FA}
	EndProjectSection
EndProject
Project("{9A19103F-16F7-4668-BE54-9A1E7A4F7556}") = "Ark.Vinke.Facilities.Core.IService", "Ark.Vinke.Facilities.Core.IService\Ark.Vinke.Facilities.Core.IService.csproj", "{AD7BF3CD-E01B-4CBB-BF32-3C39665E68BC}"
	ProjectSection(ProjectDependencies) = postProject
		{1FD0F57E-1902-4B26-9A0E-5BFD57234E4E} = {1FD0F57E-1902-4B26-9A0E-5BFD57234E4E}
		{72506536-AC29-4CEF-A9F2-403F96C5258A} = {72506536-AC29-4CEF-A9F2-403F96C5258A}
		{BC3CCFD1-BB87-45F3-8EF9-0E5A75F3E0FA} = {BC3CCFD1-BB87-45F3-8EF9-0E5A75F3E0FA}
	EndProjectSection
EndProject
Project("{9A19103F-16F7-4668-BE54-9A1E7A4F7556}") = "Ark.Vinke.Facilities.Core.Plugin", "Ark.Vinke.Facilities.Core.Plugin\Ark.Vinke.Facilities.Core.Plugin.csproj", "{7E9C6935-AD23-484E-8D19-A332C799900D}"
	ProjectSection(ProjectDependencies) = postProject
		{1FD0F57E-1902-4B26-9A0E-5BFD57234E4E} = {1FD0F57E-1902-4B26-9A0E-5BFD57234E4E}
		{72506536-AC29-4CEF-A9F2-403F96C5258A} = {72506536-AC29-4CEF-A9F2-403F96C5258A}
		{BC3CCFD1-BB87-45F3-8EF9-0E5A75F3E0FA} = {BC3CCFD1-BB87-45F3-8EF9-0E5A75F3E0FA}
		{DA3FAD0A-8F62-4DA7-AD4E-D1719AC0B2A3} = {DA3FAD0A-8F62-4DA7-AD4E-D1719AC0B2A3}
	EndProjectSection
EndProject
Project("{9A19103F-16F7-4668-BE54-9A1E7A4F7556}") = "Ark.Vinke.Facilities.Core.Servant", "Ark.Vinke.Facilities.Core.Servant\Ark.Vinke.Facilities.Core.Servant.csproj", "{C1BA643C-2979-43A9-9B27-46C49DCC2F28}"
	ProjectSection(ProjectDependencies) = postProject
		{1FD0F57E-1902-4B26-9A0E-5BFD57234E4E} = {1FD0F57E-1902-4B26-9A0E-5BFD57234E4E}
		{72506536-AC29-4CEF-A9F2-403F96C5258A} = {72506536-AC29-4CEF-A9F2-403F96C5258A}
		{AD7BF3CD-E01B-4CBB-BF32-3C39665E68BC} = {AD7BF3CD-E01B-4CBB-BF32-3C39665E68BC}
		{BC3CCFD1-BB87-45F3-8EF9-0E5A75F3E0FA} = {BC3CCFD1-BB87-45F3-8EF9-0E5A75F3E0FA}
	EndProjectSection
EndProject
Project("{9A19103F-16F7-4668-BE54-9A1E7A4F7556}") = "Ark.Vinke.Facilities.Core.Service", "Ark.Vinke.Facilities.Core.Service\Ark.Vinke.Facilities.Core.Service.csproj", "{D0CEAC06-D41D-4778-9155-3D0ABBFA781C}"
	ProjectSection(ProjectDependencies) = postProject
		{1FD0F57E-1902-4B26-9A0E-5BFD57234E4E} = {1FD0F57E-1902-4B26-9A0E-5BFD57234E4E}
		{72506536-AC29-4CEF-A9F2-403F96C5258A} = {72506536-AC29-4CEF-A9F2-403F96C5258A}
		{AD7BF3CD-E01B-4CBB-BF32-3C39665E68BC} = {AD7BF3CD-E01B-4CBB-BF32-3C39665E68BC}
		{BC3CCFD1-BB87-45F3-8EF9-0E5A75F3E0FA} = {BC3CCFD1-BB87-45F3-8EF9-0E5A75F3E0FA}
		{DA3FAD0A-8F62-4DA7-AD4E-D1719AC0B2A3} = {DA3FAD0A-8F62-4DA7-AD4E-D1719AC0B2A3}
	EndProjectSection
EndProject
Project("{2150E333-8FDC-42A3-9474-1A3956D46DE8}") = "Ark.Vinke.Facilities", "Ark.Vinke.Facilities", "{A661A078-5CB0-48EE-9660-57707375FD30}"
EndProject
Project("{2150E333-8FDC-42A3-9474-1A3956D46DE8}") = "Ark.Vinke.Facilities.Core", "Ark.Vinke.Facilities.Core", "{47DEB407-03BE-4205-A492-DDA9034115F8}"
EndProject
Project("{2150E333-8FDC-42A3-9474-1A3956D46DE8}") = "Ark.Vinke.Facilities.Core.Client", "Ark.Vinke.Facilities.Core.Client", "{0B8DAB74-B629-45E6-A160-F5636B6A970A}"
EndProject
Project("{2150E333-8FDC-42A3-9474-1A3956D46DE8}") = "Ark.Vinke.Facilities.Core.Server", "Ark.Vinke.Facilities.Core.Server", "{C69A9408-CAB4-4265-8DAD-82E0798794CD}"
EndProject
Project("{2150E333-8FDC-42A3-9474-1A3956D46DE8}") = "Ark.Vinke.Facilities.Core.Service", "Ark.Vinke.Facilities.Core.Service", "{EBD04480-2859-40C1-8E0F-52729358DCE3}"
EndProject
Project("{FAE04EC0-301F-11D3-BF4B-00C04F79EFBC}") = "Ark.Vinke.Facilities.Core.Connector", "Ark.Vinke.Facilities.Core.Connector\Ark.Vinke.Facilities.Core.Connector.csproj", "{1CE70557-029E-48FA-B356-375C785379AB}"
	ProjectSection(ProjectDependencies) = postProject
		{1FD0F57E-1902-4B26-9A0E-5BFD57234E4E} = {1FD0F57E-1902-4B26-9A0E-5BFD57234E4E}
		{72506536-AC29-4CEF-A9F2-403F96C5258A} = {72506536-AC29-4CEF-A9F2-403F96C5258A}
		{A1082F31-6F68-42EB-8F76-2018330EAF70} = {A1082F31-6F68-42EB-8F76-2018330EAF70}
		{BC3CCFD1-BB87-45F3-8EF9-0E5A75F3E0FA} = {BC3CCFD1-BB87-45F3-8EF9-0E5A75F3E0FA}
	EndProjectSection
EndProject
Global
	GlobalSection(SolutionConfigurationPlatforms) = preSolution
		Debug|Any CPU = Debug|Any CPU
		Release|Any CPU = Release|Any CPU
	EndGlobalSection
	GlobalSection(ProjectConfigurationPlatforms) = postSolution
		{BC3CCFD1-BB87-45F3-8EF9-0E5A75F3E0FA}.Debug|Any CPU.ActiveCfg = Debug|Any CPU
		{BC3CCFD1-BB87-45F3-8EF9-0E5A75F3E0FA}.Debug|Any CPU.Build.0 = Debug|Any CPU
		{BC3CCFD1-BB87-45F3-8EF9-0E5A75F3E0FA}.Release|Any CPU.ActiveCfg = Release|Any CPU
		{BC3CCFD1-BB87-45F3-8EF9-0E5A75F3E0FA}.Release|Any CPU.Build.0 = Release|Any CPU
		{72506536-AC29-4CEF-A9F2-403F96C5258A}.Debug|Any CPU.ActiveCfg = Debug|Any CPU
		{72506536-AC29-4CEF-A9F2-403F96C5258A}.Debug|Any CPU.Build.0 = Debug|Any CPU
		{72506536-AC29-4CEF-A9F2-403F96C5258A}.Release|Any CPU.ActiveCfg = Release|Any CPU
		{72506536-AC29-4CEF-A9F2-403F96C5258A}.Release|Any CPU.Build.0 = Release|Any CPU
		{1FD0F57E-1902-4B26-9A0E-5BFD57234E4E}.Debug|Any CPU.ActiveCfg = Debug|Any CPU
		{1FD0F57E-1902-4B26-9A0E-5BFD57234E4E}.Debug|Any CPU.Build.0 = Debug|Any CPU
		{1FD0F57E-1902-4B26-9A0E-5BFD57234E4E}.Release|Any CPU.ActiveCfg = Release|Any CPU
		{1FD0F57E-1902-4B26-9A0E-5BFD57234E4E}.Release|Any CPU.Build.0 = Release|Any CPU
		{AE1D30B4-505F-4303-9D3A-F1AE685B16FC}.Debug|Any CPU.ActiveCfg = Debug|Any CPU
		{AE1D30B4-505F-4303-9D3A-F1AE685B16FC}.Debug|Any CPU.Build.0 = Debug|Any CPU
		{AE1D30B4-505F-4303-9D3A-F1AE685B16FC}.Release|Any CPU.ActiveCfg = Release|Any CPU
		{AE1D30B4-505F-4303-9D3A-F1AE685B16FC}.Release|Any CPU.Build.0 = Release|Any CPU
		{A1082F31-6F68-42EB-8F76-2018330EAF70}.Debug|Any CPU.ActiveCfg = Debug|Any CPU
		{A1082F31-6F68-42EB-8F76-2018330EAF70}.Debug|Any CPU.Build.0 = Debug|Any CPU
		{A1082F31-6F68-42EB-8F76-2018330EAF70}.Release|Any CPU.ActiveCfg = Release|Any CPU
		{A1082F31-6F68-42EB-8F76-2018330EAF70}.Release|Any CPU.Build.0 = Release|Any CPU
		{E7130D8E-3847-4755-9F8D-7395C14BB800}.Debug|Any CPU.ActiveCfg = Debug|Any CPU
		{E7130D8E-3847-4755-9F8D-7395C14BB800}.Debug|Any CPU.Build.0 = Debug|Any CPU
		{E7130D8E-3847-4755-9F8D-7395C14BB800}.Release|Any CPU.ActiveCfg = Release|Any CPU
		{E7130D8E-3847-4755-9F8D-7395C14BB800}.Release|Any CPU.Build.0 = Release|Any CPU
		{DA3FAD0A-8F62-4DA7-AD4E-D1719AC0B2A3}.Debug|Any CPU.ActiveCfg = Debug|Any CPU
		{DA3FAD0A-8F62-4DA7-AD4E-D1719AC0B2A3}.Debug|Any CPU.Build.0 = Debug|Any CPU
		{DA3FAD0A-8F62-4DA7-AD4E-D1719AC0B2A3}.Release|Any CPU.ActiveCfg = Release|Any CPU
		{DA3FAD0A-8F62-4DA7-AD4E-D1719AC0B2A3}.Release|Any CPU.Build.0 = Release|Any CPU
		{AD7BF3CD-E01B-4CBB-BF32-3C39665E68BC}.Debug|Any CPU.ActiveCfg = Debug|Any CPU
		{AD7BF3CD-E01B-4CBB-BF32-3C39665E68BC}.Debug|Any CPU.Build.0 = Debug|Any CPU
		{AD7BF3CD-E01B-4CBB-BF32-3C39665E68BC}.Release|Any CPU.ActiveCfg = Release|Any CPU
		{AD7BF3CD-E01B-4CBB-BF32-3C39665E68BC}.Release|Any CPU.Build.0 = Release|Any CPU
		{7E9C6935-AD23-484E-8D19-A332C799900D}.Debug|Any CPU.ActiveCfg = Debug|Any CPU
		{7E9C6935-AD23-484E-8D19-A332C799900D}.Debug|Any CPU.Build.0 = Debug|Any CPU
		{7E9C6935-AD23-484E-8D19-A332C799900D}.Release|Any CPU.ActiveCfg = Release|Any CPU
		{7E9C6935-AD23-484E-8D19-A332C799900D}.Release|Any CPU.Build.0 = Release|Any CPU
		{C1BA643C-2979-43A9-9B27-46C49DCC2F28}.Debug|Any CPU.ActiveCfg = Debug|Any CPU
		{C1BA643C-2979-43A9-9B27-46C49DCC2F28}.Debug|Any CPU.Build.0 = Debug|Any CPU
		{C1BA643C-2979-43A9-9B27-46C49DCC2F28}.Release|Any CPU.ActiveCfg = Release|Any CPU
		{C1BA643C-2979-43A9-9B27-46C49DCC2F28}.Release|Any CPU.Build.0 = Release|Any CPU
		{D0CEAC06-D41D-4778-9155-3D0ABBFA781C}.Debug|Any CPU.ActiveCfg = Debug|Any CPU
		{D0CEAC06-D41D-4778-9155-3D0ABBFA781C}.Debug|Any CPU.Build.0 = Debug|Any CPU
		{D0CEAC06-D41D-4778-9155-3D0ABBFA781C}.Release|Any CPU.ActiveCfg = Release|Any CPU
		{D0CEAC06-D41D-4778-9155-3D0ABBFA781C}.Release|Any CPU.Build.0 = Release|Any CPU
		{1CE70557-029E-48FA-B356-375C785379AB}.Debug|Any CPU.ActiveCfg = Debug|Any CPU
		{1CE70557-029E-48FA-B356-375C785379AB}.Debug|Any CPU.Build.0 = Debug|Any CPU
		{1CE70557-029E-48FA-B356-375C785379AB}.Release|Any CPU.ActiveCfg = Release|Any CPU
		{1CE70557-029E-48FA-B356-375C785379AB}.Release|Any CPU.Build.0 = Release|Any CPU
	EndGlobalSection
	GlobalSection(SolutionProperties) = preSolution
		HideSolutionNode = FALSE
	EndGlobalSection
	GlobalSection(NestedProjects) = preSolution
		{BC3CCFD1-BB87-45F3-8EF9-0E5A75F3E0FA} = {A661A078-5CB0-48EE-9660-57707375FD30}
		{72506536-AC29-4CEF-A9F2-403F96C5258A} = {47DEB407-03BE-4205-A492-DDA9034115F8}
		{1FD0F57E-1902-4B26-9A0E-5BFD57234E4E} = {47DEB407-03BE-4205-A492-DDA9034115F8}
		{AE1D30B4-505F-4303-9D3A-F1AE685B16FC} = {0B8DAB74-B629-45E6-A160-F5636B6A970A}
		{A1082F31-6F68-42EB-8F76-2018330EAF70} = {C69A9408-CAB4-4265-8DAD-82E0798794CD}
		{E7130D8E-3847-4755-9F8D-7395C14BB800} = {C69A9408-CAB4-4265-8DAD-82E0798794CD}
		{DA3FAD0A-8F62-4DA7-AD4E-D1719AC0B2A3} = {EBD04480-2859-40C1-8E0F-52729358DCE3}
		{AD7BF3CD-E01B-4CBB-BF32-3C39665E68BC} = {EBD04480-2859-40C1-8E0F-52729358DCE3}
		{7E9C6935-AD23-484E-8D19-A332C799900D} = {EBD04480-2859-40C1-8E0F-52729358DCE3}
		{C1BA643C-2979-43A9-9B27-46C49DCC2F28} = {EBD04480-2859-40C1-8E0F-52729358DCE3}
		{D0CEAC06-D41D-4778-9155-3D0ABBFA781C} = {EBD04480-2859-40C1-8E0F-52729358DCE3}
		{1CE70557-029E-48FA-B356-375C785379AB} = {0B8DAB74-B629-45E6-A160-F5636B6A970A}
	EndGlobalSection
	GlobalSection(ExtensibilityGlobals) = postSolution
		SolutionGuid = {AB4DED80-8491-40F8-9EFD-B2C064C0A92B}
	EndGlobalSection
EndGlobal
