
Microsoft Visual Studio Solution File, Format Version 12.00
# Visual Studio Version 17
VisualStudioVersion = 17.4.33213.308
MinimumVisualStudioVersion = 10.0.40219.1
Project("{9A19103F-16F7-4668-BE54-9A1E7A4F7556}") = "Ark.Vinke.Framework", "Ark.Vinke.Framework\Ark.Vinke.Framework.csproj", "{4EACE996-92D4-4668-84FD-6B8F9F846216}"
EndProject
Project("{9A19103F-16F7-4668-BE54-9A1E7A4F7556}") = "Ark.Vinke.Framework.Core", "Ark.Vinke.Framework.Core\Ark.Vinke.Framework.Core.csproj", "{A3B55C8F-05AA-4EF8-AA2F-36B5D7DEDAC6}"
	ProjectSection(ProjectDependencies) = postProject
		{4EACE996-92D4-4668-84FD-6B8F9F846216} = {4EACE996-92D4-4668-84FD-6B8F9F846216}
	EndProjectSection
EndProject
Project("{9A19103F-16F7-4668-BE54-9A1E7A4F7556}") = "Ark.Vinke.Framework.Core.Data", "Ark.Vinke.Framework.Core.Data\Ark.Vinke.Framework.Core.Data.csproj", "{952FEB10-E689-4E5D-B132-CE90A69137D8}"
	ProjectSection(ProjectDependencies) = postProject
		{4EACE996-92D4-4668-84FD-6B8F9F846216} = {4EACE996-92D4-4668-84FD-6B8F9F846216}
		{A3B55C8F-05AA-4EF8-AA2F-36B5D7DEDAC6} = {A3B55C8F-05AA-4EF8-AA2F-36B5D7DEDAC6}
	EndProjectSection
EndProject
Project("{9A19103F-16F7-4668-BE54-9A1E7A4F7556}") = "Ark.Vinke.Framework.Core.Client", "Ark.Vinke.Framework.Core.Client\Ark.Vinke.Framework.Core.Client.csproj", "{376B6308-8B44-4A51-98C8-4DFF1DD1871C}"
	ProjectSection(ProjectDependencies) = postProject
		{266B82AC-574B-4F20-9C2D-13787A6F4E14} = {266B82AC-574B-4F20-9C2D-13787A6F4E14}
		{2FC5CFE5-1759-41D6-A256-B849ED613057} = {2FC5CFE5-1759-41D6-A256-B849ED613057}
		{4EACE996-92D4-4668-84FD-6B8F9F846216} = {4EACE996-92D4-4668-84FD-6B8F9F846216}
		{952FEB10-E689-4E5D-B132-CE90A69137D8} = {952FEB10-E689-4E5D-B132-CE90A69137D8}
		{A3B55C8F-05AA-4EF8-AA2F-36B5D7DEDAC6} = {A3B55C8F-05AA-4EF8-AA2F-36B5D7DEDAC6}
	EndProjectSection
EndProject
Project("{9A19103F-16F7-4668-BE54-9A1E7A4F7556}") = "Ark.Vinke.Framework.Core.Connector", "Ark.Vinke.Framework.Core.Connector\Ark.Vinke.Framework.Core.Connector.csproj", "{2FC5CFE5-1759-41D6-A256-B849ED613057}"
	ProjectSection(ProjectDependencies) = postProject
		{266B82AC-574B-4F20-9C2D-13787A6F4E14} = {266B82AC-574B-4F20-9C2D-13787A6F4E14}
		{4EACE996-92D4-4668-84FD-6B8F9F846216} = {4EACE996-92D4-4668-84FD-6B8F9F846216}
		{952FEB10-E689-4E5D-B132-CE90A69137D8} = {952FEB10-E689-4E5D-B132-CE90A69137D8}
		{A3B55C8F-05AA-4EF8-AA2F-36B5D7DEDAC6} = {A3B55C8F-05AA-4EF8-AA2F-36B5D7DEDAC6}
	EndProjectSection
EndProject
Project("{9A19103F-16F7-4668-BE54-9A1E7A4F7556}") = "Ark.Vinke.Framework.Core.IServer", "Ark.Vinke.Framework.Core.IServer\Ark.Vinke.Framework.Core.IServer.csproj", "{266B82AC-574B-4F20-9C2D-13787A6F4E14}"
	ProjectSection(ProjectDependencies) = postProject
		{4EACE996-92D4-4668-84FD-6B8F9F846216} = {4EACE996-92D4-4668-84FD-6B8F9F846216}
		{952FEB10-E689-4E5D-B132-CE90A69137D8} = {952FEB10-E689-4E5D-B132-CE90A69137D8}
		{A3B55C8F-05AA-4EF8-AA2F-36B5D7DEDAC6} = {A3B55C8F-05AA-4EF8-AA2F-36B5D7DEDAC6}
	EndProjectSection
EndProject
Project("{9A19103F-16F7-4668-BE54-9A1E7A4F7556}") = "Ark.Vinke.Framework.Core.Server", "Ark.Vinke.Framework.Core.Server\Ark.Vinke.Framework.Core.Server.csproj", "{EADB361C-E347-401A-95F5-4D6217BDFC66}"
	ProjectSection(ProjectDependencies) = postProject
		{266B82AC-574B-4F20-9C2D-13787A6F4E14} = {266B82AC-574B-4F20-9C2D-13787A6F4E14}
		{36D8FDED-5EA0-44D8-A42C-D173E316233B} = {36D8FDED-5EA0-44D8-A42C-D173E316233B}
		{4EACE996-92D4-4668-84FD-6B8F9F846216} = {4EACE996-92D4-4668-84FD-6B8F9F846216}
		{952FEB10-E689-4E5D-B132-CE90A69137D8} = {952FEB10-E689-4E5D-B132-CE90A69137D8}
		{A3B55C8F-05AA-4EF8-AA2F-36B5D7DEDAC6} = {A3B55C8F-05AA-4EF8-AA2F-36B5D7DEDAC6}
	EndProjectSection
EndProject
Project("{9A19103F-16F7-4668-BE54-9A1E7A4F7556}") = "Ark.Vinke.Framework.Core.IPlugin", "Ark.Vinke.Framework.Core.IPlugin\Ark.Vinke.Framework.Core.IPlugin.csproj", "{6FEAB015-656E-4027-BBEE-B466A1EA24DB}"
	ProjectSection(ProjectDependencies) = postProject
		{4EACE996-92D4-4668-84FD-6B8F9F846216} = {4EACE996-92D4-4668-84FD-6B8F9F846216}
		{952FEB10-E689-4E5D-B132-CE90A69137D8} = {952FEB10-E689-4E5D-B132-CE90A69137D8}
		{A3B55C8F-05AA-4EF8-AA2F-36B5D7DEDAC6} = {A3B55C8F-05AA-4EF8-AA2F-36B5D7DEDAC6}
	EndProjectSection
EndProject
Project("{9A19103F-16F7-4668-BE54-9A1E7A4F7556}") = "Ark.Vinke.Framework.Core.IService", "Ark.Vinke.Framework.Core.IService\Ark.Vinke.Framework.Core.IService.csproj", "{36D8FDED-5EA0-44D8-A42C-D173E316233B}"
	ProjectSection(ProjectDependencies) = postProject
		{4EACE996-92D4-4668-84FD-6B8F9F846216} = {4EACE996-92D4-4668-84FD-6B8F9F846216}
		{952FEB10-E689-4E5D-B132-CE90A69137D8} = {952FEB10-E689-4E5D-B132-CE90A69137D8}
		{A3B55C8F-05AA-4EF8-AA2F-36B5D7DEDAC6} = {A3B55C8F-05AA-4EF8-AA2F-36B5D7DEDAC6}
	EndProjectSection
EndProject
Project("{9A19103F-16F7-4668-BE54-9A1E7A4F7556}") = "Ark.Vinke.Framework.Core.Plugin", "Ark.Vinke.Framework.Core.Plugin\Ark.Vinke.Framework.Core.Plugin.csproj", "{CDA87607-FA66-4C40-A665-6A4C2E514327}"
	ProjectSection(ProjectDependencies) = postProject
		{4EACE996-92D4-4668-84FD-6B8F9F846216} = {4EACE996-92D4-4668-84FD-6B8F9F846216}
		{6FEAB015-656E-4027-BBEE-B466A1EA24DB} = {6FEAB015-656E-4027-BBEE-B466A1EA24DB}
		{952FEB10-E689-4E5D-B132-CE90A69137D8} = {952FEB10-E689-4E5D-B132-CE90A69137D8}
		{A3B55C8F-05AA-4EF8-AA2F-36B5D7DEDAC6} = {A3B55C8F-05AA-4EF8-AA2F-36B5D7DEDAC6}
	EndProjectSection
EndProject
Project("{9A19103F-16F7-4668-BE54-9A1E7A4F7556}") = "Ark.Vinke.Framework.Core.Servant", "Ark.Vinke.Framework.Core.Servant\Ark.Vinke.Framework.Core.Servant.csproj", "{F301EFC9-9258-4D3B-82AC-92162A8BB659}"
	ProjectSection(ProjectDependencies) = postProject
		{36D8FDED-5EA0-44D8-A42C-D173E316233B} = {36D8FDED-5EA0-44D8-A42C-D173E316233B}
		{4EACE996-92D4-4668-84FD-6B8F9F846216} = {4EACE996-92D4-4668-84FD-6B8F9F846216}
		{952FEB10-E689-4E5D-B132-CE90A69137D8} = {952FEB10-E689-4E5D-B132-CE90A69137D8}
		{A3B55C8F-05AA-4EF8-AA2F-36B5D7DEDAC6} = {A3B55C8F-05AA-4EF8-AA2F-36B5D7DEDAC6}
	EndProjectSection
EndProject
Project("{9A19103F-16F7-4668-BE54-9A1E7A4F7556}") = "Ark.Vinke.Framework.Core.Service", "Ark.Vinke.Framework.Core.Service\Ark.Vinke.Framework.Core.Service.csproj", "{660F1038-44B1-461D-8C5E-C10A0952954F}"
	ProjectSection(ProjectDependencies) = postProject
		{36D8FDED-5EA0-44D8-A42C-D173E316233B} = {36D8FDED-5EA0-44D8-A42C-D173E316233B}
		{4EACE996-92D4-4668-84FD-6B8F9F846216} = {4EACE996-92D4-4668-84FD-6B8F9F846216}
		{6FEAB015-656E-4027-BBEE-B466A1EA24DB} = {6FEAB015-656E-4027-BBEE-B466A1EA24DB}
		{952FEB10-E689-4E5D-B132-CE90A69137D8} = {952FEB10-E689-4E5D-B132-CE90A69137D8}
		{A3B55C8F-05AA-4EF8-AA2F-36B5D7DEDAC6} = {A3B55C8F-05AA-4EF8-AA2F-36B5D7DEDAC6}
	EndProjectSection
EndProject
Project("{2150E333-8FDC-42A3-9474-1A3956D46DE8}") = "Ark.Vinke.Framework", "Ark.Vinke.Framework", "{72C650CA-E0A4-41DE-8EF5-16838552113C}"
EndProject
Project("{2150E333-8FDC-42A3-9474-1A3956D46DE8}") = "Ark.Vinke.Framework.Core", "Ark.Vinke.Framework.Core", "{8EA6F5B1-8569-46FD-9FAA-90B25B694502}"
EndProject
Project("{2150E333-8FDC-42A3-9474-1A3956D46DE8}") = "Ark.Vinke.Framework.Core.Client", "Ark.Vinke.Framework.Core.Client", "{0A366D55-C73E-46D7-87E0-041F4288F1DF}"
EndProject
Project("{2150E333-8FDC-42A3-9474-1A3956D46DE8}") = "Ark.Vinke.Framework.Core.Server", "Ark.Vinke.Framework.Core.Server", "{0E32C8D8-DD8E-4274-A2B3-993D4CAEFFBD}"
EndProject
Project("{2150E333-8FDC-42A3-9474-1A3956D46DE8}") = "Ark.Vinke.Framework.Core.Service", "Ark.Vinke.Framework.Core.Service", "{ADF2883C-89A4-4531-B1D9-D8EEE2476AF1}"
EndProject
Global
	GlobalSection(SolutionConfigurationPlatforms) = preSolution
		Debug|Any CPU = Debug|Any CPU
		Release|Any CPU = Release|Any CPU
	EndGlobalSection
	GlobalSection(ProjectConfigurationPlatforms) = postSolution
		{4EACE996-92D4-4668-84FD-6B8F9F846216}.Debug|Any CPU.ActiveCfg = Debug|Any CPU
		{4EACE996-92D4-4668-84FD-6B8F9F846216}.Debug|Any CPU.Build.0 = Debug|Any CPU
		{4EACE996-92D4-4668-84FD-6B8F9F846216}.Release|Any CPU.ActiveCfg = Release|Any CPU
		{4EACE996-92D4-4668-84FD-6B8F9F846216}.Release|Any CPU.Build.0 = Release|Any CPU
		{A3B55C8F-05AA-4EF8-AA2F-36B5D7DEDAC6}.Debug|Any CPU.ActiveCfg = Debug|Any CPU
		{A3B55C8F-05AA-4EF8-AA2F-36B5D7DEDAC6}.Debug|Any CPU.Build.0 = Debug|Any CPU
		{A3B55C8F-05AA-4EF8-AA2F-36B5D7DEDAC6}.Release|Any CPU.ActiveCfg = Release|Any CPU
		{A3B55C8F-05AA-4EF8-AA2F-36B5D7DEDAC6}.Release|Any CPU.Build.0 = Release|Any CPU
		{952FEB10-E689-4E5D-B132-CE90A69137D8}.Debug|Any CPU.ActiveCfg = Debug|Any CPU
		{952FEB10-E689-4E5D-B132-CE90A69137D8}.Debug|Any CPU.Build.0 = Debug|Any CPU
		{952FEB10-E689-4E5D-B132-CE90A69137D8}.Release|Any CPU.ActiveCfg = Release|Any CPU
		{952FEB10-E689-4E5D-B132-CE90A69137D8}.Release|Any CPU.Build.0 = Release|Any CPU
		{376B6308-8B44-4A51-98C8-4DFF1DD1871C}.Debug|Any CPU.ActiveCfg = Debug|Any CPU
		{376B6308-8B44-4A51-98C8-4DFF1DD1871C}.Debug|Any CPU.Build.0 = Debug|Any CPU
		{376B6308-8B44-4A51-98C8-4DFF1DD1871C}.Release|Any CPU.ActiveCfg = Release|Any CPU
		{376B6308-8B44-4A51-98C8-4DFF1DD1871C}.Release|Any CPU.Build.0 = Release|Any CPU
		{2FC5CFE5-1759-41D6-A256-B849ED613057}.Debug|Any CPU.ActiveCfg = Debug|Any CPU
		{2FC5CFE5-1759-41D6-A256-B849ED613057}.Debug|Any CPU.Build.0 = Debug|Any CPU
		{2FC5CFE5-1759-41D6-A256-B849ED613057}.Release|Any CPU.ActiveCfg = Release|Any CPU
		{2FC5CFE5-1759-41D6-A256-B849ED613057}.Release|Any CPU.Build.0 = Release|Any CPU
		{266B82AC-574B-4F20-9C2D-13787A6F4E14}.Debug|Any CPU.ActiveCfg = Debug|Any CPU
		{266B82AC-574B-4F20-9C2D-13787A6F4E14}.Debug|Any CPU.Build.0 = Debug|Any CPU
		{266B82AC-574B-4F20-9C2D-13787A6F4E14}.Release|Any CPU.ActiveCfg = Release|Any CPU
		{266B82AC-574B-4F20-9C2D-13787A6F4E14}.Release|Any CPU.Build.0 = Release|Any CPU
		{EADB361C-E347-401A-95F5-4D6217BDFC66}.Debug|Any CPU.ActiveCfg = Debug|Any CPU
		{EADB361C-E347-401A-95F5-4D6217BDFC66}.Debug|Any CPU.Build.0 = Debug|Any CPU
		{EADB361C-E347-401A-95F5-4D6217BDFC66}.Release|Any CPU.ActiveCfg = Release|Any CPU
		{EADB361C-E347-401A-95F5-4D6217BDFC66}.Release|Any CPU.Build.0 = Release|Any CPU
		{6FEAB015-656E-4027-BBEE-B466A1EA24DB}.Debug|Any CPU.ActiveCfg = Debug|Any CPU
		{6FEAB015-656E-4027-BBEE-B466A1EA24DB}.Debug|Any CPU.Build.0 = Debug|Any CPU
		{6FEAB015-656E-4027-BBEE-B466A1EA24DB}.Release|Any CPU.ActiveCfg = Release|Any CPU
		{6FEAB015-656E-4027-BBEE-B466A1EA24DB}.Release|Any CPU.Build.0 = Release|Any CPU
		{36D8FDED-5EA0-44D8-A42C-D173E316233B}.Debug|Any CPU.ActiveCfg = Debug|Any CPU
		{36D8FDED-5EA0-44D8-A42C-D173E316233B}.Debug|Any CPU.Build.0 = Debug|Any CPU
		{36D8FDED-5EA0-44D8-A42C-D173E316233B}.Release|Any CPU.ActiveCfg = Release|Any CPU
		{36D8FDED-5EA0-44D8-A42C-D173E316233B}.Release|Any CPU.Build.0 = Release|Any CPU
		{CDA87607-FA66-4C40-A665-6A4C2E514327}.Debug|Any CPU.ActiveCfg = Debug|Any CPU
		{CDA87607-FA66-4C40-A665-6A4C2E514327}.Debug|Any CPU.Build.0 = Debug|Any CPU
		{CDA87607-FA66-4C40-A665-6A4C2E514327}.Release|Any CPU.ActiveCfg = Release|Any CPU
		{CDA87607-FA66-4C40-A665-6A4C2E514327}.Release|Any CPU.Build.0 = Release|Any CPU
		{F301EFC9-9258-4D3B-82AC-92162A8BB659}.Debug|Any CPU.ActiveCfg = Debug|Any CPU
		{F301EFC9-9258-4D3B-82AC-92162A8BB659}.Debug|Any CPU.Build.0 = Debug|Any CPU
		{F301EFC9-9258-4D3B-82AC-92162A8BB659}.Release|Any CPU.ActiveCfg = Release|Any CPU
		{F301EFC9-9258-4D3B-82AC-92162A8BB659}.Release|Any CPU.Build.0 = Release|Any CPU
		{660F1038-44B1-461D-8C5E-C10A0952954F}.Debug|Any CPU.ActiveCfg = Debug|Any CPU
		{660F1038-44B1-461D-8C5E-C10A0952954F}.Debug|Any CPU.Build.0 = Debug|Any CPU
		{660F1038-44B1-461D-8C5E-C10A0952954F}.Release|Any CPU.ActiveCfg = Release|Any CPU
		{660F1038-44B1-461D-8C5E-C10A0952954F}.Release|Any CPU.Build.0 = Release|Any CPU
	EndGlobalSection
	GlobalSection(SolutionProperties) = preSolution
		HideSolutionNode = FALSE
	EndGlobalSection
	GlobalSection(NestedProjects) = preSolution
		{4EACE996-92D4-4668-84FD-6B8F9F846216} = {72C650CA-E0A4-41DE-8EF5-16838552113C}
		{A3B55C8F-05AA-4EF8-AA2F-36B5D7DEDAC6} = {8EA6F5B1-8569-46FD-9FAA-90B25B694502}
		{952FEB10-E689-4E5D-B132-CE90A69137D8} = {8EA6F5B1-8569-46FD-9FAA-90B25B694502}
		{376B6308-8B44-4A51-98C8-4DFF1DD1871C} = {0A366D55-C73E-46D7-87E0-041F4288F1DF}
		{2FC5CFE5-1759-41D6-A256-B849ED613057} = {0A366D55-C73E-46D7-87E0-041F4288F1DF}
		{266B82AC-574B-4F20-9C2D-13787A6F4E14} = {0E32C8D8-DD8E-4274-A2B3-993D4CAEFFBD}
		{EADB361C-E347-401A-95F5-4D6217BDFC66} = {0E32C8D8-DD8E-4274-A2B3-993D4CAEFFBD}
		{6FEAB015-656E-4027-BBEE-B466A1EA24DB} = {ADF2883C-89A4-4531-B1D9-D8EEE2476AF1}
		{36D8FDED-5EA0-44D8-A42C-D173E316233B} = {ADF2883C-89A4-4531-B1D9-D8EEE2476AF1}
		{CDA87607-FA66-4C40-A665-6A4C2E514327} = {ADF2883C-89A4-4531-B1D9-D8EEE2476AF1}
		{F301EFC9-9258-4D3B-82AC-92162A8BB659} = {ADF2883C-89A4-4531-B1D9-D8EEE2476AF1}
		{660F1038-44B1-461D-8C5E-C10A0952954F} = {ADF2883C-89A4-4531-B1D9-D8EEE2476AF1}
	EndGlobalSection
	GlobalSection(ExtensibilityGlobals) = postSolution
		SolutionGuid = {AAD56FAB-8103-4360-BDE2-96DEB9DCF728}
	EndGlobalSection
EndGlobal
